
Microsoft Visual Studio Solution File, Format Version 12.00
# Visual Studio Version 17
VisualStudioVersion = 17.7.34024.191
MinimumVisualStudioVersion = 10.0.40219.1
Project("{8BC9CEB8-8B4A-11D0-8D11-00A0C91BC942}") = "Pole_chudes", "Pole_chudes.vcxproj", "{D868D348-71A3-446D-963D-4C6FA56A3A17}"
EndProject
Project("{2150E333-8FDC-42A3-9474-1A3956D46DE8}") = "Элементы решения", "Элементы решения", "{D6DC7BA9-607E-40C6-9BB6-66128D500F3B}"
EndProject
Global
	GlobalSection(SolutionConfigurationPlatforms) = preSolution
		Debug|x64 = Debug|x64
		Debug|x86 = Debug|x86
		Release|x64 = Release|x64
		Release|x86 = Release|x86
	EndGlobalSection
	GlobalSection(ProjectConfigurationPlatforms) = postSolution
		{D868D348-71A3-446D-963D-4C6FA56A3A17}.Debug|x64.ActiveCfg = Debug|x64
		{D868D348-71A3-446D-963D-4C6FA56A3A17}.Debug|x64.Build.0 = Debug|x64
		{D868D348-71A3-446D-963D-4C6FA56A3A17}.Debug|x86.ActiveCfg = Debug|Win32
		{D868D348-71A3-446D-963D-4C6FA56A3A17}.Debug|x86.Build.0 = Debug|Win32
		{D868D348-71A3-446D-963D-4C6FA56A3A17}.Release|x64.ActiveCfg = Release|x64
		{D868D348-71A3-446D-963D-4C6FA56A3A17}.Release|x64.Build.0 = Release|x64
		{D868D348-71A3-446D-963D-4C6FA56A3A17}.Release|x86.ActiveCfg = Release|Win32
		{D868D348-71A3-446D-963D-4C6FA56A3A17}.Release|x86.Build.0 = Release|Win32
	EndGlobalSection
	GlobalSection(SolutionProperties) = preSolution
		HideSolutionNode = FALSE
	EndGlobalSection
	GlobalSection(ExtensibilityGlobals) = postSolution
		SolutionGuid = {E373E5F7-576D-4871-B4D4-78A4ECC13B87}
	EndGlobalSection
EndGlobal
